
Microsoft Visual Studio Solution File, Format Version 12.00
# Visual Studio 14
VisualStudioVersion = 14.0.25420.1
MinimumVisualStudioVersion = 10.0.40219.1
Project("{8BC9CEB8-8B4A-11D0-8D11-00A0C91BC942}") = "Strategy", "ActionMode\Strategy\Strategy.vcxproj", "{D2C2544A-8733-4213-B4F6-BD40AEF9C50B}"
EndProject
Project("{2150E333-8FDC-42A3-9474-1A3956D46DE8}") = "ActionMode", "ActionMode", "{40B4F76C-CA39-42F6-A29B-727A54023D25}"
EndProject
Project("{2150E333-8FDC-42A3-9474-1A3956D46DE8}") = "CreationMode", "CreationMode", "{20F31B52-82F2-44F0-986F-C7DFC3CB61EC}"
EndProject
Project("{2150E333-8FDC-42A3-9474-1A3956D46DE8}") = "StructureMode", "StructureMode", "{D99F42EC-FF98-4F0A-BD85-2907E78D83E1}"
EndProject
Project("{8BC9CEB8-8B4A-11D0-8D11-00A0C91BC942}") = "Singleton", "CreationMode\Singleton\Singleton.vcxproj", "{F988ED8D-5552-4782-BFE4-427E6B001D94}"
EndProject
Project("{8BC9CEB8-8B4A-11D0-8D11-00A0C91BC942}") = "Factory", "CreationMode\Factory\Factory.vcxproj", "{8A539024-3752-4F83-A1B3-DD25DAF5B210}"
EndProject
Project("{8BC9CEB8-8B4A-11D0-8D11-00A0C91BC942}") = "Decorator", "StructureMode\Decorator\Decorator.vcxproj", "{E199F86A-77EF-429E-9162-FF8CC2B6158A}"
EndProject
Project("{8BC9CEB8-8B4A-11D0-8D11-00A0C91BC942}") = "Proxy", "StructureMode\Proxy\Proxy.vcxproj", "{9E59D2D7-543C-47AB-930F-56A03BD2C363}"
EndProject
Project("{8BC9CEB8-8B4A-11D0-8D11-00A0C91BC942}") = "Adapter", "StructureMode\Adapter\Adapter.vcxproj", "{9F3F2112-5CB7-47F8-83CA-611268E4C4AC}"
EndProject
Project("{8BC9CEB8-8B4A-11D0-8D11-00A0C91BC942}") = "FlyWeight", "StructureMode\Flyweight\Flyweight.vcxproj", "{4FD260B2-FDC6-46DD-841A-82D6F37E81E4}"
EndProject
Project("{8BC9CEB8-8B4A-11D0-8D11-00A0C91BC942}") = "Template", "ActionMode\Template\Template.vcxproj", "{F403D7E2-B6AA-491F-A644-058BF3023CA6}"
EndProject
Project("{8BC9CEB8-8B4A-11D0-8D11-00A0C91BC942}") = "Observer", "ActionMode\Observer\Observer.vcxproj", "{F07DE827-DD8F-46F4-9FD0-73F087F8F4E7}"
EndProject
Project("{8BC9CEB8-8B4A-11D0-8D11-00A0C91BC942}") = "ResponsibilityChain", "ActionMode\ResponsibilityChain\ResponsibilityChain.vcxproj", "{53EDBE98-617A-4B4B-B8D0-FAFDB7BAE321}"
EndProject
Project("{8BC9CEB8-8B4A-11D0-8D11-00A0C91BC942}") = "Prototype", "CreationMode\Prototype\Prototype.vcxproj", "{3A06385E-BB3B-44AF-8830-B3B66EEF6FF5}"
EndProject
Project("{8BC9CEB8-8B4A-11D0-8D11-00A0C91BC942}") = "Bridge", "StructureMode\Bridge\Bridge.vcxproj", "{0DC74211-A759-4DB6-9CAF-7E2024815401}"
EndProject
Global
	GlobalSection(SolutionConfigurationPlatforms) = preSolution
		Debug|x64 = Debug|x64
		Debug|x86 = Debug|x86
		Release|x64 = Release|x64
		Release|x86 = Release|x86
	EndGlobalSection
	GlobalSection(ProjectConfigurationPlatforms) = postSolution
		{D2C2544A-8733-4213-B4F6-BD40AEF9C50B}.Debug|x64.ActiveCfg = Debug|x64
		{D2C2544A-8733-4213-B4F6-BD40AEF9C50B}.Debug|x64.Build.0 = Debug|x64
		{D2C2544A-8733-4213-B4F6-BD40AEF9C50B}.Debug|x86.ActiveCfg = Debug|Win32
		{D2C2544A-8733-4213-B4F6-BD40AEF9C50B}.Debug|x86.Build.0 = Debug|Win32
		{D2C2544A-8733-4213-B4F6-BD40AEF9C50B}.Release|x64.ActiveCfg = Release|x64
		{D2C2544A-8733-4213-B4F6-BD40AEF9C50B}.Release|x64.Build.0 = Release|x64
		{D2C2544A-8733-4213-B4F6-BD40AEF9C50B}.Release|x86.ActiveCfg = Release|Win32
		{D2C2544A-8733-4213-B4F6-BD40AEF9C50B}.Release|x86.Build.0 = Release|Win32
		{F988ED8D-5552-4782-BFE4-427E6B001D94}.Debug|x64.ActiveCfg = Debug|x64
		{F988ED8D-5552-4782-BFE4-427E6B001D94}.Debug|x64.Build.0 = Debug|x64
		{F988ED8D-5552-4782-BFE4-427E6B001D94}.Debug|x86.ActiveCfg = Debug|Win32
		{F988ED8D-5552-4782-BFE4-427E6B001D94}.Debug|x86.Build.0 = Debug|Win32
		{F988ED8D-5552-4782-BFE4-427E6B001D94}.Release|x64.ActiveCfg = Release|x64
		{F988ED8D-5552-4782-BFE4-427E6B001D94}.Release|x64.Build.0 = Release|x64
		{F988ED8D-5552-4782-BFE4-427E6B001D94}.Release|x86.ActiveCfg = Release|Win32
		{F988ED8D-5552-4782-BFE4-427E6B001D94}.Release|x86.Build.0 = Release|Win32
		{8A539024-3752-4F83-A1B3-DD25DAF5B210}.Debug|x64.ActiveCfg = Debug|x64
		{8A539024-3752-4F83-A1B3-DD25DAF5B210}.Debug|x64.Build.0 = Debug|x64
		{8A539024-3752-4F83-A1B3-DD25DAF5B210}.Debug|x86.ActiveCfg = Debug|Win32
		{8A539024-3752-4F83-A1B3-DD25DAF5B210}.Debug|x86.Build.0 = Debug|Win32
		{8A539024-3752-4F83-A1B3-DD25DAF5B210}.Release|x64.ActiveCfg = Release|x64
		{8A539024-3752-4F83-A1B3-DD25DAF5B210}.Release|x64.Build.0 = Release|x64
		{8A539024-3752-4F83-A1B3-DD25DAF5B210}.Release|x86.ActiveCfg = Release|Win32
		{8A539024-3752-4F83-A1B3-DD25DAF5B210}.Release|x86.Build.0 = Release|Win32
		{E199F86A-77EF-429E-9162-FF8CC2B6158A}.Debug|x64.ActiveCfg = Debug|x64
		{E199F86A-77EF-429E-9162-FF8CC2B6158A}.Debug|x64.Build.0 = Debug|x64
		{E199F86A-77EF-429E-9162-FF8CC2B6158A}.Debug|x86.ActiveCfg = Debug|Win32
		{E199F86A-77EF-429E-9162-FF8CC2B6158A}.Debug|x86.Build.0 = Debug|Win32
		{E199F86A-77EF-429E-9162-FF8CC2B6158A}.Release|x64.ActiveCfg = Release|x64
		{E199F86A-77EF-429E-9162-FF8CC2B6158A}.Release|x64.Build.0 = Release|x64
		{E199F86A-77EF-429E-9162-FF8CC2B6158A}.Release|x86.ActiveCfg = Release|Win32
		{E199F86A-77EF-429E-9162-FF8CC2B6158A}.Release|x86.Build.0 = Release|Win32
		{9E59D2D7-543C-47AB-930F-56A03BD2C363}.Debug|x64.ActiveCfg = Debug|x64
		{9E59D2D7-543C-47AB-930F-56A03BD2C363}.Debug|x64.Build.0 = Debug|x64
		{9E59D2D7-543C-47AB-930F-56A03BD2C363}.Debug|x86.ActiveCfg = Debug|Win32
		{9E59D2D7-543C-47AB-930F-56A03BD2C363}.Debug|x86.Build.0 = Debug|Win32
		{9E59D2D7-543C-47AB-930F-56A03BD2C363}.Release|x64.ActiveCfg = Release|x64
		{9E59D2D7-543C-47AB-930F-56A03BD2C363}.Release|x64.Build.0 = Release|x64
		{9E59D2D7-543C-47AB-930F-56A03BD2C363}.Release|x86.ActiveCfg = Release|Win32
		{9E59D2D7-543C-47AB-930F-56A03BD2C363}.Release|x86.Build.0 = Release|Win32
		{9F3F2112-5CB7-47F8-83CA-611268E4C4AC}.Debug|x64.ActiveCfg = Debug|x64
		{9F3F2112-5CB7-47F8-83CA-611268E4C4AC}.Debug|x64.Build.0 = Debug|x64
		{9F3F2112-5CB7-47F8-83CA-611268E4C4AC}.Debug|x86.ActiveCfg = Debug|Win32
		{9F3F2112-5CB7-47F8-83CA-611268E4C4AC}.Debug|x86.Build.0 = Debug|Win32
		{9F3F2112-5CB7-47F8-83CA-611268E4C4AC}.Release|x64.ActiveCfg = Release|x64
		{9F3F2112-5CB7-47F8-83CA-611268E4C4AC}.Release|x64.Build.0 = Release|x64
		{9F3F2112-5CB7-47F8-83CA-611268E4C4AC}.Release|x86.ActiveCfg = Release|Win32
		{9F3F2112-5CB7-47F8-83CA-611268E4C4AC}.Release|x86.Build.0 = Release|Win32
		{4FD260B2-FDC6-46DD-841A-82D6F37E81E4}.Debug|x64.ActiveCfg = Debug|x64
		{4FD260B2-FDC6-46DD-841A-82D6F37E81E4}.Debug|x64.Build.0 = Debug|x64
		{4FD260B2-FDC6-46DD-841A-82D6F37E81E4}.Debug|x86.ActiveCfg = Debug|Win32
		{4FD260B2-FDC6-46DD-841A-82D6F37E81E4}.Debug|x86.Build.0 = Debug|Win32
		{4FD260B2-FDC6-46DD-841A-82D6F37E81E4}.Release|x64.ActiveCfg = Release|x64
		{4FD260B2-FDC6-46DD-841A-82D6F37E81E4}.Release|x64.Build.0 = Release|x64
		{4FD260B2-FDC6-46DD-841A-82D6F37E81E4}.Release|x86.ActiveCfg = Release|Win32
		{4FD260B2-FDC6-46DD-841A-82D6F37E81E4}.Release|x86.Build.0 = Release|Win32
		{F403D7E2-B6AA-491F-A644-058BF3023CA6}.Debug|x64.ActiveCfg = Debug|x64
		{F403D7E2-B6AA-491F-A644-058BF3023CA6}.Debug|x64.Build.0 = Debug|x64
		{F403D7E2-B6AA-491F-A644-058BF3023CA6}.Debug|x86.ActiveCfg = Debug|Win32
		{F403D7E2-B6AA-491F-A644-058BF3023CA6}.Debug|x86.Build.0 = Debug|Win32
		{F403D7E2-B6AA-491F-A644-058BF3023CA6}.Release|x64.ActiveCfg = Release|x64
		{F403D7E2-B6AA-491F-A644-058BF3023CA6}.Release|x64.Build.0 = Release|x64
		{F403D7E2-B6AA-491F-A644-058BF3023CA6}.Release|x86.ActiveCfg = Release|Win32
		{F403D7E2-B6AA-491F-A644-058BF3023CA6}.Release|x86.Build.0 = Release|Win32
		{F07DE827-DD8F-46F4-9FD0-73F087F8F4E7}.Debug|x64.ActiveCfg = Debug|x64
		{F07DE827-DD8F-46F4-9FD0-73F087F8F4E7}.Debug|x64.Build.0 = Debug|x64
		{F07DE827-DD8F-46F4-9FD0-73F087F8F4E7}.Debug|x86.ActiveCfg = Debug|Win32
		{F07DE827-DD8F-46F4-9FD0-73F087F8F4E7}.Debug|x86.Build.0 = Debug|Win32
		{F07DE827-DD8F-46F4-9FD0-73F087F8F4E7}.Release|x64.ActiveCfg = Release|x64
		{F07DE827-DD8F-46F4-9FD0-73F087F8F4E7}.Release|x64.Build.0 = Release|x64
		{F07DE827-DD8F-46F4-9FD0-73F087F8F4E7}.Release|x86.ActiveCfg = Release|Win32
		{F07DE827-DD8F-46F4-9FD0-73F087F8F4E7}.Release|x86.Build.0 = Release|Win32
		{53EDBE98-617A-4B4B-B8D0-FAFDB7BAE321}.Debug|x64.ActiveCfg = Debug|x64
		{53EDBE98-617A-4B4B-B8D0-FAFDB7BAE321}.Debug|x64.Build.0 = Debug|x64
		{53EDBE98-617A-4B4B-B8D0-FAFDB7BAE321}.Debug|x86.ActiveCfg = Debug|Win32
		{53EDBE98-617A-4B4B-B8D0-FAFDB7BAE321}.Debug|x86.Build.0 = Debug|Win32
		{53EDBE98-617A-4B4B-B8D0-FAFDB7BAE321}.Release|x64.ActiveCfg = Release|x64
		{53EDBE98-617A-4B4B-B8D0-FAFDB7BAE321}.Release|x64.Build.0 = Release|x64
		{53EDBE98-617A-4B4B-B8D0-FAFDB7BAE321}.Release|x86.ActiveCfg = Release|Win32
		{53EDBE98-617A-4B4B-B8D0-FAFDB7BAE321}.Release|x86.Build.0 = Release|Win32
		{3A06385E-BB3B-44AF-8830-B3B66EEF6FF5}.Debug|x64.ActiveCfg = Debug|x64
		{3A06385E-BB3B-44AF-8830-B3B66EEF6FF5}.Debug|x64.Build.0 = Debug|x64
		{3A06385E-BB3B-44AF-8830-B3B66EEF6FF5}.Debug|x86.ActiveCfg = Debug|Win32
		{3A06385E-BB3B-44AF-8830-B3B66EEF6FF5}.Debug|x86.Build.0 = Debug|Win32
		{3A06385E-BB3B-44AF-8830-B3B66EEF6FF5}.Release|x64.ActiveCfg = Release|x64
		{3A06385E-BB3B-44AF-8830-B3B66EEF6FF5}.Release|x64.Build.0 = Release|x64
		{3A06385E-BB3B-44AF-8830-B3B66EEF6FF5}.Release|x86.ActiveCfg = Release|Win32
		{3A06385E-BB3B-44AF-8830-B3B66EEF6FF5}.Release|x86.Build.0 = Release|Win32
		{0DC74211-A759-4DB6-9CAF-7E2024815401}.Debug|x64.ActiveCfg = Debug|x64
		{0DC74211-A759-4DB6-9CAF-7E2024815401}.Debug|x64.Build.0 = Debug|x64
		{0DC74211-A759-4DB6-9CAF-7E2024815401}.Debug|x86.ActiveCfg = Debug|Win32
		{0DC74211-A759-4DB6-9CAF-7E2024815401}.Debug|x86.Build.0 = Debug|Win32
		{0DC74211-A759-4DB6-9CAF-7E2024815401}.Release|x64.ActiveCfg = Release|x64
		{0DC74211-A759-4DB6-9CAF-7E2024815401}.Release|x64.Build.0 = Release|x64
		{0DC74211-A759-4DB6-9CAF-7E2024815401}.Release|x86.ActiveCfg = Release|Win32
		{0DC74211-A759-4DB6-9CAF-7E2024815401}.Release|x86.Build.0 = Release|Win32
	EndGlobalSection
	GlobalSection(SolutionProperties) = preSolution
		HideSolutionNode = FALSE
	EndGlobalSection
	GlobalSection(NestedProjects) = preSolution
		{D2C2544A-8733-4213-B4F6-BD40AEF9C50B} = {40B4F76C-CA39-42F6-A29B-727A54023D25}
		{F988ED8D-5552-4782-BFE4-427E6B001D94} = {20F31B52-82F2-44F0-986F-C7DFC3CB61EC}
		{8A539024-3752-4F83-A1B3-DD25DAF5B210} = {20F31B52-82F2-44F0-986F-C7DFC3CB61EC}
		{E199F86A-77EF-429E-9162-FF8CC2B6158A} = {D99F42EC-FF98-4F0A-BD85-2907E78D83E1}
		{9E59D2D7-543C-47AB-930F-56A03BD2C363} = {D99F42EC-FF98-4F0A-BD85-2907E78D83E1}
		{9F3F2112-5CB7-47F8-83CA-611268E4C4AC} = {D99F42EC-FF98-4F0A-BD85-2907E78D83E1}
		{4FD260B2-FDC6-46DD-841A-82D6F37E81E4} = {D99F42EC-FF98-4F0A-BD85-2907E78D83E1}
		{F403D7E2-B6AA-491F-A644-058BF3023CA6} = {40B4F76C-CA39-42F6-A29B-727A54023D25}
		{F07DE827-DD8F-46F4-9FD0-73F087F8F4E7} = {40B4F76C-CA39-42F6-A29B-727A54023D25}
		{53EDBE98-617A-4B4B-B8D0-FAFDB7BAE321} = {40B4F76C-CA39-42F6-A29B-727A54023D25}
		{3A06385E-BB3B-44AF-8830-B3B66EEF6FF5} = {20F31B52-82F2-44F0-986F-C7DFC3CB61EC}
		{0DC74211-A759-4DB6-9CAF-7E2024815401} = {D99F42EC-FF98-4F0A-BD85-2907E78D83E1}
	EndGlobalSection
EndGlobal
