<?xml version="1.0" encoding="utf-8"?>
<Project ToolsVersion="4.0" xmlns="http://schemas.microsoft.com/developer/msbuild/2003">
  <ItemGroup>
    <ClInclude Include="..\..\..\src\ActionMode\ResponsibilityChain\ResponsibilityChain.h" />
  </ItemGroup>
  <ItemGroup>
    <ClCompile Include="..\..\..\src\ActionMode\ResponsibilityChain\ResponsibilityChainDemo.cpp" />
    <ClCompile Include="..\..\..\src\ActionMode\ResponsibilityChain\ResponsibilityChain.cpp" />
  </ItemGroup>
</Project>